// !$*UTF8*$!
{
	archiveVersion = 1;
	classes = {
	};
	objectVersion = 51;
	objects = {

/* Begin PBXBuildFile section */
		3A76AD2AE5B90156C761A024 /* Pods_PhotoGallery.framework in Frameworks */ = {isa = PBXBuildFile; fileRef = C5E16437F6C5FAE0A9C7D20C /* Pods_PhotoGallery.framework */; };
		6C1164DB2463FE670032FB55 /* DetailViewController.swift in Sources */ = {isa = PBXBuildFile; fileRef = 6C1164DA2463FE670032FB55 /* DetailViewController.swift */; };
		6C1164DD246411230032FB55 /* cars.jpg in Resources */ = {isa = PBXBuildFile; fileRef = 6C1164DC246411230032FB55 /* cars.jpg */; };
		6C1164DF246411590032FB55 /* ImageScrollView.swift in Sources */ = {isa = PBXBuildFile; fileRef = 6C1164DE246411590032FB55 /* ImageScrollView.swift */; };
		6C57DCAB2461A4E3003A21AD /* AppDelegate.swift in Sources */ = {isa = PBXBuildFile; fileRef = 6C57DCAA2461A4E3003A21AD /* AppDelegate.swift */; };
		6C57DCAD2461A4E3003A21AD /* SceneDelegate.swift in Sources */ = {isa = PBXBuildFile; fileRef = 6C57DCAC2461A4E3003A21AD /* SceneDelegate.swift */; };
		6C57DCAF2461A4E3003A21AD /* ViewController.swift in Sources */ = {isa = PBXBuildFile; fileRef = 6C57DCAE2461A4E3003A21AD /* ViewController.swift */; };
		6C57DCB22461A4E3003A21AD /* Main.storyboard in Resources */ = {isa = PBXBuildFile; fileRef = 6C57DCB02461A4E3003A21AD /* Main.storyboard */; };
		6C57DCB42461A4E9003A21AD /* Assets.xcassets in Resources */ = {isa = PBXBuildFile; fileRef = 6C57DCB32461A4E9003A21AD /* Assets.xcassets */; };
		6C57DCB72461A4E9003A21AD /* LaunchScreen.storyboard in Resources */ = {isa = PBXBuildFile; fileRef = 6C57DCB52461A4E9003A21AD /* LaunchScreen.storyboard */; };
		6C57DCC72461DB90003A21AD /* WebManager.swift in Sources */ = {isa = PBXBuildFile; fileRef = 6C57DCC62461DB90003A21AD /* WebManager.swift */; };
		6C77A2E62466EE2A008E2F00 /* Image.swift in Sources */ = {isa = PBXBuildFile; fileRef = 6C77A2E52466EE2A008E2F00 /* Image.swift */; };
/* End PBXBuildFile section */

/* Begin PBXFileReference section */
		1552200FDCC0AC99D1A8D01C /* Pods-PhotoGallery.release.xcconfig */ = {isa = PBXFileReference; includeInIndex = 1; lastKnownFileType = text.xcconfig; name = "Pods-PhotoGallery.release.xcconfig"; path = "Target Support Files/Pods-PhotoGallery/Pods-PhotoGallery.release.xcconfig"; sourceTree = "<group>"; };
		50A415CA3F24E7CD17F68467 /* Pods-PhotoGallery.debug.xcconfig */ = {isa = PBXFileReference; includeInIndex = 1; lastKnownFileType = text.xcconfig; name = "Pods-PhotoGallery.debug.xcconfig"; path = "Target Support Files/Pods-PhotoGallery/Pods-PhotoGallery.debug.xcconfig"; sourceTree = "<group>"; };
		6C1164DA2463FE670032FB55 /* DetailViewController.swift */ = {isa = PBXFileReference; lastKnownFileType = sourcecode.swift; path = DetailViewController.swift; sourceTree = "<group>"; };
		6C1164DC246411230032FB55 /* cars.jpg */ = {isa = PBXFileReference; lastKnownFileType = image.jpeg; path = cars.jpg; sourceTree = "<group>"; };
		6C1164DE246411590032FB55 /* ImageScrollView.swift */ = {isa = PBXFileReference; lastKnownFileType = sourcecode.swift; path = ImageScrollView.swift; sourceTree = "<group>"; };
		6C57DCA72461A4E3003A21AD /* PhotoGallery.app */ = {isa = PBXFileReference; explicitFileType = wrapper.application; includeInIndex = 0; path = PhotoGallery.app; sourceTree = BUILT_PRODUCTS_DIR; };
		6C57DCAA2461A4E3003A21AD /* AppDelegate.swift */ = {isa = PBXFileReference; lastKnownFileType = sourcecode.swift; path = AppDelegate.swift; sourceTree = "<group>"; };
		6C57DCAC2461A4E3003A21AD /* SceneDelegate.swift */ = {isa = PBXFileReference; lastKnownFileType = sourcecode.swift; path = SceneDelegate.swift; sourceTree = "<group>"; };
		6C57DCAE2461A4E3003A21AD /* ViewController.swift */ = {isa = PBXFileReference; lastKnownFileType = sourcecode.swift; path = ViewController.swift; sourceTree = "<group>"; };
		6C57DCB12461A4E3003A21AD /* Base */ = {isa = PBXFileReference; lastKnownFileType = file.storyboard; name = Base; path = Base.lproj/Main.storyboard; sourceTree = "<group>"; };
		6C57DCB32461A4E9003A21AD /* Assets.xcassets */ = {isa = PBXFileReference; lastKnownFileType = folder.assetcatalog; path = Assets.xcassets; sourceTree = "<group>"; };
		6C57DCB62461A4E9003A21AD /* Base */ = {isa = PBXFileReference; lastKnownFileType = file.storyboard; name = Base; path = Base.lproj/LaunchScreen.storyboard; sourceTree = "<group>"; };
		6C57DCB82461A4E9003A21AD /* Info.plist */ = {isa = PBXFileReference; lastKnownFileType = text.plist.xml; path = Info.plist; sourceTree = "<group>"; };
		6C57DCC62461DB90003A21AD /* WebManager.swift */ = {isa = PBXFileReference; lastKnownFileType = sourcecode.swift; path = WebManager.swift; sourceTree = "<group>"; };
		6C77A2E52466EE2A008E2F00 /* Image.swift */ = {isa = PBXFileReference; lastKnownFileType = sourcecode.swift; path = Image.swift; sourceTree = "<group>"; };
		C5E16437F6C5FAE0A9C7D20C /* Pods_PhotoGallery.framework */ = {isa = PBXFileReference; explicitFileType = wrapper.framework; includeInIndex = 0; path = Pods_PhotoGallery.framework; sourceTree = BUILT_PRODUCTS_DIR; };
/* End PBXFileReference section */

/* Begin PBXFrameworksBuildPhase section */
		6C57DCA42461A4E3003A21AD /* Frameworks */ = {
			isa = PBXFrameworksBuildPhase;
			buildActionMask = 2147483647;
			files = (
				3A76AD2AE5B90156C761A024 /* Pods_PhotoGallery.framework in Frameworks */,
			);
			runOnlyForDeploymentPostprocessing = 0;
		};
/* End PBXFrameworksBuildPhase section */

/* Begin PBXGroup section */
		6C57DC9E2461A4E3003A21AD = {
			isa = PBXGroup;
			children = (
				6C57DCA92461A4E3003A21AD /* PhotoGallery */,
				6C57DCA82461A4E3003A21AD /* Products */,
				C9CF437263D9762B7A0846CA /* Pods */,
				8C7F3D000094D996870C9A52 /* Frameworks */,
			);
			sourceTree = "<group>";
		};
		6C57DCA82461A4E3003A21AD /* Products */ = {
			isa = PBXGroup;
			children = (
				6C57DCA72461A4E3003A21AD /* PhotoGallery.app */,
			);
			name = Products;
			sourceTree = "<group>";
		};
		6C57DCA92461A4E3003A21AD /* PhotoGallery */ = {
			isa = PBXGroup;
			children = (
				6C57DCAA2461A4E3003A21AD /* AppDelegate.swift */,
				6C57DCAC2461A4E3003A21AD /* SceneDelegate.swift */,
				6C57DCAE2461A4E3003A21AD /* ViewController.swift */,
				6C1164DA2463FE670032FB55 /* DetailViewController.swift */,
				911BC7422464612100FBF8C3 /* Model */,
				6C57DCC62461DB90003A21AD /* WebManager.swift */,
				6C1164DE246411590032FB55 /* ImageScrollView.swift */,
				6C57DCB02461A4E3003A21AD /* Main.storyboard */,
				6C1164DC246411230032FB55 /* cars.jpg */,
				6C57DCB32461A4E9003A21AD /* Assets.xcassets */,
				6C57DCB52461A4E9003A21AD /* LaunchScreen.storyboard */,
				6C57DCB82461A4E9003A21AD /* Info.plist */,
			);
			path = PhotoGallery;
			sourceTree = "<group>";
		};
		8C7F3D000094D996870C9A52 /* Frameworks */ = {
			isa = PBXGroup;
			children = (
				C5E16437F6C5FAE0A9C7D20C /* Pods_PhotoGallery.framework */,
			);
			name = Frameworks;
			sourceTree = "<group>";
		};
		911BC7422464612100FBF8C3 /* Model */ = {
			isa = PBXGroup;
			children = (
				6C77A2E52466EE2A008E2F00 /* Image.swift */,
			);
			path = Model;
			sourceTree = "<group>";
		};
		C9CF437263D9762B7A0846CA /* Pods */ = {
			isa = PBXGroup;
			children = (
				50A415CA3F24E7CD17F68467 /* Pods-PhotoGallery.debug.xcconfig */,
				1552200FDCC0AC99D1A8D01C /* Pods-PhotoGallery.release.xcconfig */,
			);
			path = Pods;
			sourceTree = "<group>";
		};
/* End PBXGroup section */

/* Begin PBXNativeTarget section */
		6C57DCA62461A4E3003A21AD /* PhotoGallery */ = {
			isa = PBXNativeTarget;
			buildConfigurationList = 6C57DCBB2461A4E9003A21AD /* Build configuration list for PBXNativeTarget "PhotoGallery" */;
			buildPhases = (
				5E7F71E3FBA7A652E1BD9D9B /* [CP] Check Pods Manifest.lock */,
				6C57DCA32461A4E3003A21AD /* Sources */,
				6C57DCA42461A4E3003A21AD /* Frameworks */,
				6C57DCA52461A4E3003A21AD /* Resources */,
				9377CE52A81B170C5B35B477 /* [CP] Embed Pods Frameworks */,
			);
			buildRules = (
			);
			dependencies = (
			);
			name = PhotoGallery;
			productName = PhotoGallery;
			productReference = 6C57DCA72461A4E3003A21AD /* PhotoGallery.app */;
			productType = "com.apple.product-type.application";
		};
/* End PBXNativeTarget section */

/* Begin PBXProject section */
		6C57DC9F2461A4E3003A21AD /* Project object */ = {
			isa = PBXProject;
			attributes = {
				LastSwiftUpdateCheck = 1130;
				LastUpgradeCheck = 1130;
				ORGANIZATIONNAME = "Anton Larchenko";
				TargetAttributes = {
					6C57DCA62461A4E3003A21AD = {
						CreatedOnToolsVersion = 11.3.1;
					};
				};
			};
			buildConfigurationList = 6C57DCA22461A4E3003A21AD /* Build configuration list for PBXProject "PhotoGallery" */;
			compatibilityVersion = "Xcode 9.3";
			developmentRegion = en;
			hasScannedForEncodings = 0;
			knownRegions = (
				en,
				Base,
			);
			mainGroup = 6C57DC9E2461A4E3003A21AD;
			productRefGroup = 6C57DCA82461A4E3003A21AD /* Products */;
			projectDirPath = "";
			projectRoot = "";
			targets = (
				6C57DCA62461A4E3003A21AD /* PhotoGallery */,
			);
		};
/* End PBXProject section */

/* Begin PBXResourcesBuildPhase section */
		6C57DCA52461A4E3003A21AD /* Resources */ = {
			isa = PBXResourcesBuildPhase;
			buildActionMask = 2147483647;
			files = (
				6C1164DD246411230032FB55 /* cars.jpg in Resources */,
				6C57DCB72461A4E9003A21AD /* LaunchScreen.storyboard in Resources */,
				6C57DCB42461A4E9003A21AD /* Assets.xcassets in Resources */,
				6C57DCB22461A4E3003A21AD /* Main.storyboard in Resources */,
			);
			runOnlyForDeploymentPostprocessing = 0;
		};
/* End PBXResourcesBuildPhase section */

/* Begin PBXShellScriptBuildPhase section */
		5E7F71E3FBA7A652E1BD9D9B /* [CP] Check Pods Manifest.lock */ = {
			isa = PBXShellScriptBuildPhase;
			buildActionMask = 2147483647;
			files = (
			);
			inputFileListPaths = (
			);
			inputPaths = (
				"${PODS_PODFILE_DIR_PATH}/Podfile.lock",
				"${PODS_ROOT}/Manifest.lock",
			);
			name = "[CP] Check Pods Manifest.lock";
			outputFileListPaths = (
			);
			outputPaths = (
				"$(DERIVED_FILE_DIR)/Pods-PhotoGallery-checkManifestLockResult.txt",
			);
			runOnlyForDeploymentPostprocessing = 0;
			shellPath = /bin/sh;
			shellScript = "diff \"${PODS_PODFILE_DIR_PATH}/Podfile.lock\" \"${PODS_ROOT}/Manifest.lock\" > /dev/null\nif [ $? != 0 ] ; then\n    # print error to STDERR\n    echo \"error: The sandbox is not in sync with the Podfile.lock. Run 'pod install' or update your CocoaPods installation.\" >&2\n    exit 1\nfi\n# This output is used by Xcode 'outputs' to avoid re-running this script phase.\necho \"SUCCESS\" > \"${SCRIPT_OUTPUT_FILE_0}\"\n";
			showEnvVarsInLog = 0;
		};
		9377CE52A81B170C5B35B477 /* [CP] Embed Pods Frameworks */ = {
			isa = PBXShellScriptBuildPhase;
			buildActionMask = 2147483647;
			files = (
			);
			inputFileListPaths = (
				"${PODS_ROOT}/Target Support Files/Pods-PhotoGallery/Pods-PhotoGallery-frameworks-${CONFIGURATION}-input-files.xcfilelist",
			);
			name = "[CP] Embed Pods Frameworks";
			outputFileListPaths = (
				"${PODS_ROOT}/Target Support Files/Pods-PhotoGallery/Pods-PhotoGallery-frameworks-${CONFIGURATION}-output-files.xcfilelist",
			);
			runOnlyForDeploymentPostprocessing = 0;
			shellPath = /bin/sh;
			shellScript = "\"${PODS_ROOT}/Target Support Files/Pods-PhotoGallery/Pods-PhotoGallery-frameworks.sh\"\n";
			showEnvVarsInLog = 0;
		};
/* End PBXShellScriptBuildPhase section */

/* Begin PBXSourcesBuildPhase section */
		6C57DCA32461A4E3003A21AD /* Sources */ = {
			isa = PBXSourcesBuildPhase;
			buildActionMask = 2147483647;
			files = (
				6C57DCC72461DB90003A21AD /* WebManager.swift in Sources */,
				6C57DCAF2461A4E3003A21AD /* ViewController.swift in Sources */,
				6C1164DB2463FE670032FB55 /* DetailViewController.swift in Sources */,
				6C77A2E62466EE2A008E2F00 /* Image.swift in Sources */,
				6C1164DF246411590032FB55 /* ImageScrollView.swift in Sources */,
				6C57DCAB2461A4E3003A21AD /* AppDelegate.swift in Sources */,
				6C57DCAD2461A4E3003A21AD /* SceneDelegate.swift in Sources */,
			);
			runOnlyForDeploymentPostprocessing = 0;
		};
/* End PBXSourcesBuildPhase section */

/* Begin PBXVariantGroup section */
		6C57DCB02461A4E3003A21AD /* Main.storyboard */ = {
			isa = PBXVariantGroup;
			children = (
				6C57DCB12461A4E3003A21AD /* Base */,
			);
			name = Main.storyboard;
			sourceTree = "<group>";
		};
		6C57DCB52461A4E9003A21AD /* LaunchScreen.storyboard */ = {
			isa = PBXVariantGroup;
			children = (
				6C57DCB62461A4E9003A21AD /* Base */,
			);
			name = LaunchScreen.storyboard;
			sourceTree = "<group>";
		};
/* End PBXVariantGroup section */

/* Begin XCBuildConfiguration section */
		6C57DCB92461A4E9003A21AD /* Debug */ = {
			isa = XCBuildConfiguration;
			buildSettings = {
				ALWAYS_SEARCH_USER_PATHS = NO;
				CLANG_ANALYZER_NONNULL = YES;
				CLANG_ANALYZER_NUMBER_OBJECT_CONVERSION = YES_AGGRESSIVE;
				CLANG_CXX_LANGUAGE_STANDARD = "gnu++14";
				CLANG_CXX_LIBRARY = "libc++";
				CLANG_ENABLE_MODULES = YES;
				CLANG_ENABLE_OBJC_ARC = YES;
				CLANG_ENABLE_OBJC_WEAK = YES;
				CLANG_WARN_BLOCK_CAPTURE_AUTORELEASING = YES;
				CLANG_WARN_BOOL_CONVERSION = YES;
				CLANG_WARN_COMMA = YES;
				CLANG_WARN_CONSTANT_CONVERSION = YES;
				CLANG_WARN_DEPRECATED_OBJC_IMPLEMENTATIONS = YES;
				CLANG_WARN_DIRECT_OBJC_ISA_USAGE = YES_ERROR;
				CLANG_WARN_DOCUMENTATION_COMMENTS = YES;
				CLANG_WARN_EMPTY_BODY = YES;
				CLANG_WARN_ENUM_CONVERSION = YES;
				CLANG_WARN_INFINITE_RECURSION = YES;
				CLANG_WARN_INT_CONVERSION = YES;
				CLANG_WARN_NON_LITERAL_NULL_CONVERSION = YES;
				CLANG_WARN_OBJC_IMPLICIT_RETAIN_SELF = YES;
				CLANG_WARN_OBJC_LITERAL_CONVERSION = YES;
				CLANG_WARN_OBJC_ROOT_CLASS = YES_ERROR;
				CLANG_WARN_RANGE_LOOP_ANALYSIS = YES;
				CLANG_WARN_STRICT_PROTOTYPES = YES;
				CLANG_WARN_SUSPICIOUS_MOVE = YES;
				CLANG_WARN_UNGUARDED_AVAILABILITY = YES_AGGRESSIVE;
				CLANG_WARN_UNREACHABLE_CODE = YES;
				CLANG_WARN__DUPLICATE_METHOD_MATCH = YES;
				COPY_PHASE_STRIP = NO;
				DEBUG_INFORMATION_FORMAT = dwarf;
				ENABLE_STRICT_OBJC_MSGSEND = YES;
				ENABLE_TESTABILITY = YES;
				GCC_C_LANGUAGE_STANDARD = gnu11;
				GCC_DYNAMIC_NO_PIC = NO;
				GCC_NO_COMMON_BLOCKS = YES;
				GCC_OPTIMIZATION_LEVEL = 0;
				GCC_PREPROCESSOR_DEFINITIONS = (
					"DEBUG=1",
					"$(inherited)",
				);
				GCC_WARN_64_TO_32_BIT_CONVERSION = YES;
				GCC_WARN_ABOUT_RETURN_TYPE = YES_ERROR;
				GCC_WARN_UNDECLARED_SELECTOR = YES;
				GCC_WARN_UNINITIALIZED_AUTOS = YES_AGGRESSIVE;
				GCC_WARN_UNUSED_FUNCTION = YES;
				GCC_WARN_UNUSED_VARIABLE = YES;
				IPHONEOS_DEPLOYMENT_TARGET = 13.2;
				MTL_ENABLE_DEBUG_INFO = INCLUDE_SOURCE;
				MTL_FAST_MATH = YES;
				ONLY_ACTIVE_ARCH = YES;
				SDKROOT = iphoneos;
				SWIFT_ACTIVE_COMPILATION_CONDITIONS = DEBUG;
				SWIFT_OPTIMIZATION_LEVEL = "-Onone";
			};
			name = Debug;
		};
		6C57DCBA2461A4E9003A21AD /* Release */ = {
			isa = XCBuildConfiguration;
			buildSettings = {
				ALWAYS_SEARCH_USER_PATHS = NO;
				CLANG_ANALYZER_NONNULL = YES;
				CLANG_ANALYZER_NUMBER_OBJECT_CONVERSION = YES_AGGRESSIVE;
				CLANG_CXX_LANGUAGE_STANDARD = "gnu++14";
				CLANG_CXX_LIBRARY = "libc++";
				CLANG_ENABLE_MODULES = YES;
				CLANG_ENABLE_OBJC_ARC = YES;
				CLANG_ENABLE_OBJC_WEAK = YES;
				CLANG_WARN_BLOCK_CAPTURE_AUTORELEASING = YES;
				CLANG_WARN_BOOL_CONVERSION = YES;
				CLANG_WARN_COMMA = YES;
				CLANG_WARN_CONSTANT_CONVERSION = YES;
				CLANG_WARN_DEPRECATED_OBJC_IMPLEMENTATIONS = YES;
				CLANG_WARN_DIRECT_OBJC_ISA_USAGE = YES_ERROR;
				CLANG_WARN_DOCUMENTATION_COMMENTS = YES;
				CLANG_WARN_EMPTY_BODY = YES;
				CLANG_WARN_ENUM_CONVERSION = YES;
				CLANG_WARN_INFINITE_RECURSION = YES;
				CLANG_WARN_INT_CONVERSION = YES;
				CLANG_WARN_NON_LITERAL_NULL_CONVERSION = YES;
				CLANG_WARN_OBJC_IMPLICIT_RETAIN_SELF = YES;
				CLANG_WARN_OBJC_LITERAL_CONVERSION = YES;
				CLANG_WARN_OBJC_ROOT_CLASS = YES_ERROR;
				CLANG_WARN_RANGE_LOOP_ANALYSIS = YES;
				CLANG_WARN_STRICT_PROTOTYPES = YES;
				CLANG_WARN_SUSPICIOUS_MOVE = YES;
				CLANG_WARN_UNGUARDED_AVAILABILITY = YES_AGGRESSIVE;
				CLANG_WARN_UNREACHABLE_CODE = YES;
				CLANG_WARN__DUPLICATE_METHOD_MATCH = YES;
				COPY_PHASE_STRIP = NO;
				DEBUG_INFORMATION_FORMAT = "dwarf-with-dsym";
				ENABLE_NS_ASSERTIONS = NO;
				ENABLE_STRICT_OBJC_MSGSEND = YES;
				GCC_C_LANGUAGE_STANDARD = gnu11;
				GCC_NO_COMMON_BLOCKS = YES;
				GCC_WARN_64_TO_32_BIT_CONVERSION = YES;
				GCC_WARN_ABOUT_RETURN_TYPE = YES_ERROR;
				GCC_WARN_UNDECLARED_SELECTOR = YES;
				GCC_WARN_UNINITIALIZED_AUTOS = YES_AGGRESSIVE;
				GCC_WARN_UNUSED_FUNCTION = YES;
				GCC_WARN_UNUSED_VARIABLE = YES;
				IPHONEOS_DEPLOYMENT_TARGET = 13.2;
				MTL_ENABLE_DEBUG_INFO = NO;
				MTL_FAST_MATH = YES;
				SDKROOT = iphoneos;
				SWIFT_COMPILATION_MODE = wholemodule;
				SWIFT_OPTIMIZATION_LEVEL = "-O";
				VALIDATE_PRODUCT = YES;
			};
			name = Release;
		};
		6C57DCBC2461A4E9003A21AD /* Debug */ = {
			isa = XCBuildConfiguration;
			baseConfigurationReference = 50A415CA3F24E7CD17F68467 /* Pods-PhotoGallery.debug.xcconfig */;
			buildSettings = {
				ASSETCATALOG_COMPILER_APPICON_NAME = AppIcon;
				CODE_SIGN_STYLE = Automatic;
				INFOPLIST_FILE = PhotoGallery/Info.plist;
				LD_RUNPATH_SEARCH_PATHS = (
					"$(inherited)",
					"@executable_path/Frameworks",
				);
				PRODUCT_BUNDLE_IDENTIFIER = AntonLarchenko.PhotoGallery;
				PRODUCT_NAME = "$(TARGET_NAME)";
				SWIFT_VERSION = 5.0;
				TARGETED_DEVICE_FAMILY = "1,2";
			};
			name = Debug;
		};
		6C57DCBD2461A4E9003A21AD /* Release */ = {
			isa = XCBuildConfiguration;
			baseConfigurationReference = 1552200FDCC0AC99D1A8D01C /* Pods-PhotoGallery.release.xcconfig */;
			buildSettings = {
				ASSETCATALOG_COMPILER_APPICON_NAME = AppIcon;
				CODE_SIGN_STYLE = Automatic;
				INFOPLIST_FILE = PhotoGallery/Info.plist;
				LD_RUNPATH_SEARCH_PATHS = (
					"$(inherited)",
					"@executable_path/Frameworks",
				);
				PRODUCT_BUNDLE_IDENTIFIER = AntonLarchenko.PhotoGallery;
				PRODUCT_NAME = "$(TARGET_NAME)";
				SWIFT_VERSION = 5.0;
				TARGETED_DEVICE_FAMILY = "1,2";
			};
			name = Release;
		};
/* End XCBuildConfiguration section */

/* Begin XCConfigurationList section */
		6C57DCA22461A4E3003A21AD /* Build configuration list for PBXProject "PhotoGallery" */ = {
			isa = XCConfigurationList;
			buildConfigurations = (
				6C57DCB92461A4E9003A21AD /* Debug */,
				6C57DCBA2461A4E9003A21AD /* Release */,
			);
			defaultConfigurationIsVisible = 0;
			defaultConfigurationName = Release;
		};
		6C57DCBB2461A4E9003A21AD /* Build configuration list for PBXNativeTarget "PhotoGallery" */ = {
			isa = XCConfigurationList;
			buildConfigurations = (
				6C57DCBC2461A4E9003A21AD /* Debug */,
				6C57DCBD2461A4E9003A21AD /* Release */,
			);
			defaultConfigurationIsVisible = 0;
			defaultConfigurationName = Release;
		};
/* End XCConfigurationList section */
	};
	rootObject = 6C57DC9F2461A4E3003A21AD /* Project object */;
}
